
Microsoft Visual Studio Solution File, Format Version 12.00
# Visual Studio Version 16
VisualStudioVersion = 16.0.30523.141
MinimumVisualStudioVersion = 10.0.40219.1
Project("{FAE04EC0-301F-11D3-BF4B-00C04F79EFBC}") = "PRG4_MG2P2_0320190026_B2", "PRG4_MG2P2_0320190026_B2\PRG4_MG2P2_0320190026_B2.csproj", "{D5EA719E-85A2-4771-A841-2889E69D8249}"
EndProject
Global
	GlobalSection(SolutionConfigurationPlatforms) = preSolution
		Debug|Any CPU = Debug|Any CPU
		Release|Any CPU = Release|Any CPU
	EndGlobalSection
	GlobalSection(ProjectConfigurationPlatforms) = postSolution
		{D5EA719E-85A2-4771-A841-2889E69D8249}.Debug|Any CPU.ActiveCfg = Debug|Any CPU
		{D5EA719E-85A2-4771-A841-2889E69D8249}.Debug|Any CPU.Build.0 = Debug|Any CPU
		{D5EA719E-85A2-4771-A841-2889E69D8249}.Release|Any CPU.ActiveCfg = Release|Any CPU
		{D5EA719E-85A2-4771-A841-2889E69D8249}.Release|Any CPU.Build.0 = Release|Any CPU
	EndGlobalSection
	GlobalSection(SolutionProperties) = preSolution
		HideSolutionNode = FALSE
	EndGlobalSection
	GlobalSection(ExtensibilityGlobals) = postSolution
		SolutionGuid = {8A71FE24-26A5-40DB-BE39-712FA0C3D618}
	EndGlobalSection
EndGlobal
